
Microsoft Visual Studio Solution File, Format Version 12.00
# Visual Studio 15
VisualStudioVersion = 15.0.28010.2041
MinimumVisualStudioVersion = 10.0.40219.1
Project("{FAE04EC0-301F-11D3-BF4B-00C04F79EFBC}") = "SimpleTemplateCore1", "SimpleTemplateCore1\SimpleTemplateCore1.csproj", "{5743F625-6456-4350-A38E-72CC768072CF}"
EndProject
Global
	GlobalSection(SolutionConfigurationPlatforms) = preSolution
		Debug|Any CPU = Debug|Any CPU
		Release|Any CPU = Release|Any CPU
	EndGlobalSection
	GlobalSection(ProjectConfigurationPlatforms) = postSolution
		{5743F625-6456-4350-A38E-72CC768072CF}.Debug|Any CPU.ActiveCfg = Debug|Any CPU
		{5743F625-6456-4350-A38E-72CC768072CF}.Debug|Any CPU.Build.0 = Debug|Any CPU
		{5743F625-6456-4350-A38E-72CC768072CF}.Release|Any CPU.ActiveCfg = Release|Any CPU
		{5743F625-6456-4350-A38E-72CC768072CF}.Release|Any CPU.Build.0 = Release|Any CPU
	EndGlobalSection
	GlobalSection(SolutionProperties) = preSolution
		HideSolutionNode = FALSE
	EndGlobalSection
	GlobalSection(ExtensibilityGlobals) = postSolution
		SolutionGuid = {3C703220-0904-4006-9E23-7BC6B26EBC47}
	EndGlobalSection
EndGlobal
